// !$*UTF8*$!
{
	archiveVersion = 1;
	classes = {
	};
	objectVersion = 55;
	objects = {

/* Begin PBXBuildFile section */
		3AEB7E3A27F6CDDD006BCDFA /* BTCConverterApp.swift in Sources */ = {isa = PBXBuildFile; fileRef = 3AEB7E3927F6CDDD006BCDFA /* BTCConverterApp.swift */; };
		3AEB7E3C27F6CDDD006BCDFA /* ContentView.swift in Sources */ = {isa = PBXBuildFile; fileRef = 3AEB7E3B27F6CDDD006BCDFA /* ContentView.swift */; };
		3AEB7E3E27F6CDDF006BCDFA /* Assets.xcassets in Resources */ = {isa = PBXBuildFile; fileRef = 3AEB7E3D27F6CDDF006BCDFA /* Assets.xcassets */; };
		3AEB7E4127F6CDDF006BCDFA /* Preview Assets.xcassets in Resources */ = {isa = PBXBuildFile; fileRef = 3AEB7E4027F6CDDF006BCDFA /* Preview Assets.xcassets */; };
		3AEB7E4327F6CDDF006BCDFA /* Persistence.swift in Sources */ = {isa = PBXBuildFile; fileRef = 3AEB7E4227F6CDDF006BCDFA /* Persistence.swift */; };
		3AEB7E4627F6CDDF006BCDFA /* BTCConverter.xcdatamodeld in Sources */ = {isa = PBXBuildFile; fileRef = 3AEB7E4427F6CDDF006BCDFA /* BTCConverter.xcdatamodeld */; };
/* End PBXBuildFile section */

/* Begin PBXFileReference section */
		3AEB7E3627F6CDDD006BCDFA /* BTCConverter.app */ = {isa = PBXFileReference; explicitFileType = wrapper.application; includeInIndex = 0; path = BTCConverter.app; sourceTree = BUILT_PRODUCTS_DIR; };
		3AEB7E3927F6CDDD006BCDFA /* BTCConverterApp.swift */ = {isa = PBXFileReference; lastKnownFileType = sourcecode.swift; path = BTCConverterApp.swift; sourceTree = "<group>"; };
		3AEB7E3B27F6CDDD006BCDFA /* ContentView.swift */ = {isa = PBXFileReference; lastKnownFileType = sourcecode.swift; path = ContentView.swift; sourceTree = "<group>"; };
		3AEB7E3D27F6CDDF006BCDFA /* Assets.xcassets */ = {isa = PBXFileReference; lastKnownFileType = folder.assetcatalog; path = Assets.xcassets; sourceTree = "<group>"; };
		3AEB7E4027F6CDDF006BCDFA /* Preview Assets.xcassets */ = {isa = PBXFileReference; lastKnownFileType = folder.assetcatalog; path = "Preview Assets.xcassets"; sourceTree = "<group>"; };
		3AEB7E4227F6CDDF006BCDFA /* Persistence.swift */ = {isa = PBXFileReference; lastKnownFileType = sourcecode.swift; path = Persistence.swift; sourceTree = "<group>"; };
		3AEB7E4527F6CDDF006BCDFA /* BTCConverter.xcdatamodel */ = {isa = PBXFileReference; lastKnownFileType = wrapper.xcdatamodel; path = BTCConverter.xcdatamodel; sourceTree = "<group>"; };
/* End PBXFileReference section */

/* Begin PBXFrameworksBuildPhase section */
		3AEB7E3327F6CDDD006BCDFA /* Frameworks */ = {
			isa = PBXFrameworksBuildPhase;
			buildActionMask = 2147483647;
			files = (
			);
			runOnlyForDeploymentPostprocessing = 0;
		};
/* End PBXFrameworksBuildPhase section */

/* Begin PBXGroup section */
		3AEB7E2D27F6CDDD006BCDFA = {
			isa = PBXGroup;
			children = (
				3AEB7E3827F6CDDD006BCDFA /* BTCConverter */,
				3AEB7E3727F6CDDD006BCDFA /* Products */,
			);
			sourceTree = "<group>";
		};
		3AEB7E3727F6CDDD006BCDFA /* Products */ = {
			isa = PBXGroup;
			children = (
				3AEB7E3627F6CDDD006BCDFA /* BTCConverter.app */,
			);
			name = Products;
			sourceTree = "<group>";
		};
		3AEB7E3827F6CDDD006BCDFA /* BTCConverter */ = {
			isa = PBXGroup;
			children = (
				3AEB7E3927F6CDDD006BCDFA /* BTCConverterApp.swift */,
				3AEB7E3B27F6CDDD006BCDFA /* ContentView.swift */,
				3AEB7E3D27F6CDDF006BCDFA /* Assets.xcassets */,
				3AEB7E4227F6CDDF006BCDFA /* Persistence.swift */,
				3AEB7E4427F6CDDF006BCDFA /* BTCConverter.xcdatamodeld */,
				3AEB7E3F27F6CDDF006BCDFA /* Preview Content */,
			);
			path = BTCConverter;
			sourceTree = "<group>";
		};
		3AEB7E3F27F6CDDF006BCDFA /* Preview Content */ = {
			isa = PBXGroup;
			children = (
				3AEB7E4027F6CDDF006BCDFA /* Preview Assets.xcassets */,
			);
			path = "Preview Content";
			sourceTree = "<group>";
		};
/* End PBXGroup section */

/* Begin PBXNativeTarget section */
		3AEB7E3527F6CDDD006BCDFA /* BTCConverter */ = {
			isa = PBXNativeTarget;
			buildConfigurationList = 3AEB7E4927F6CDDF006BCDFA /* Build configuration list for PBXNativeTarget "BTCConverter" */;
			buildPhases = (
				3AEB7E3227F6CDDD006BCDFA /* Sources */,
				3AEB7E3327F6CDDD006BCDFA /* Frameworks */,
				3AEB7E3427F6CDDD006BCDFA /* Resources */,
			);
			buildRules = (
			);
			dependencies = (
			);
			name = BTCConverter;
			productName = BTCConverter;
			productReference = 3AEB7E3627F6CDDD006BCDFA /* BTCConverter.app */;
			productType = "com.apple.product-type.application";
		};
/* End PBXNativeTarget section */

/* Begin PBXProject section */
		3AEB7E2E27F6CDDD006BCDFA /* Project object */ = {
			isa = PBXProject;
			attributes = {
				BuildIndependentTargetsInParallel = 1;
				LastSwiftUpdateCheck = 1310;
				LastUpgradeCheck = 1310;
				TargetAttributes = {
					3AEB7E3527F6CDDD006BCDFA = {
						CreatedOnToolsVersion = 13.1;
					};
				};
			};
			buildConfigurationList = 3AEB7E3127F6CDDD006BCDFA /* Build configuration list for PBXProject "BTCConverter" */;
			compatibilityVersion = "Xcode 13.0";
			developmentRegion = en;
			hasScannedForEncodings = 0;
			knownRegions = (
				en,
				Base,
			);
			mainGroup = 3AEB7E2D27F6CDDD006BCDFA;
			productRefGroup = 3AEB7E3727F6CDDD006BCDFA /* Products */;
			projectDirPath = "";
			projectRoot = "";
			targets = (
				3AEB7E3527F6CDDD006BCDFA /* BTCConverter */,
			);
		};
/* End PBXProject section */

/* Begin PBXResourcesBuildPhase section */
		3AEB7E3427F6CDDD006BCDFA /* Resources */ = {
			isa = PBXResourcesBuildPhase;
			buildActionMask = 2147483647;
			files = (
				3AEB7E4127F6CDDF006BCDFA /* Preview Assets.xcassets in Resources */,
				3AEB7E3E27F6CDDF006BCDFA /* Assets.xcassets in Resources */,
			);
			runOnlyForDeploymentPostprocessing = 0;
		};
/* End PBXResourcesBuildPhase section */

/* Begin PBXSourcesBuildPhase section */
		3AEB7E3227F6CDDD006BCDFA /* Sources */ = {
			isa = PBXSourcesBuildPhase;
			buildActionMask = 2147483647;
			files = (
				3AEB7E4327F6CDDF006BCDFA /* Persistence.swift in Sources */,
				3AEB7E3C27F6CDDD006BCDFA /* ContentView.swift in Sources */,
				3AEB7E4627F6CDDF006BCDFA /* BTCConverter.xcdatamodeld in Sources */,
				3AEB7E3A27F6CDDD006BCDFA /* BTCConverterApp.swift in Sources */,
			);
			runOnlyForDeploymentPostprocessing = 0;
		};
/* End PBXSourcesBuildPhase section */

/* Begin XCBuildConfiguration section */
		3AEB7E4727F6CDDF006BCDFA /* Debug */ = {
			isa = XCBuildConfiguration;
			buildSettings = {
				ALWAYS_SEARCH_USER_PATHS = NO;
				CLANG_ANALYZER_NONNULL = YES;
				CLANG_ANALYZER_NUMBER_OBJECT_CONVERSION = YES_AGGRESSIVE;
				CLANG_CXX_LANGUAGE_STANDARD = "gnu++17";
				CLANG_CXX_LIBRARY = "libc++";
				CLANG_ENABLE_MODULES = YES;
				CLANG_ENABLE_OBJC_ARC = YES;
				CLANG_ENABLE_OBJC_WEAK = YES;
				CLANG_WARN_BLOCK_CAPTURE_AUTORELEASING = YES;
				CLANG_WARN_BOOL_CONVERSION = YES;
				CLANG_WARN_COMMA = YES;
				CLANG_WARN_CONSTANT_CONVERSION = YES;
				CLANG_WARN_DEPRECATED_OBJC_IMPLEMENTATIONS = YES;
				CLANG_WARN_DIRECT_OBJC_ISA_USAGE = YES_ERROR;
				CLANG_WARN_DOCUMENTATION_COMMENTS = YES;
				CLANG_WARN_EMPTY_BODY = YES;
				CLANG_WARN_ENUM_CONVERSION = YES;
				CLANG_WARN_INFINITE_RECURSION = YES;
				CLANG_WARN_INT_CONVERSION = YES;
				CLANG_WARN_NON_LITERAL_NULL_CONVERSION = YES;
				CLANG_WARN_OBJC_IMPLICIT_RETAIN_SELF = YES;
				CLANG_WARN_OBJC_LITERAL_CONVERSION = YES;
				CLANG_WARN_OBJC_ROOT_CLASS = YES_ERROR;
				CLANG_WARN_QUOTED_INCLUDE_IN_FRAMEWORK_HEADER = YES;
				CLANG_WARN_RANGE_LOOP_ANALYSIS = YES;
				CLANG_WARN_STRICT_PROTOTYPES = YES;
				CLANG_WARN_SUSPICIOUS_MOVE = YES;
				CLANG_WARN_UNGUARDED_AVAILABILITY = YES_AGGRESSIVE;
				CLANG_WARN_UNREACHABLE_CODE = YES;
				CLANG_WARN__DUPLICATE_METHOD_MATCH = YES;
				COPY_PHASE_STRIP = NO;
				DEBUG_INFORMATION_FORMAT = dwarf;
				ENABLE_STRICT_OBJC_MSGSEND = YES;
				ENABLE_TESTABILITY = YES;
				GCC_C_LANGUAGE_STANDARD = gnu11;
				GCC_DYNAMIC_NO_PIC = NO;
				GCC_NO_COMMON_BLOCKS = YES;
				GCC_OPTIMIZATION_LEVEL = 0;
				GCC_PREPROCESSOR_DEFINITIONS = (
					"DEBUG=1",
					"$(inherited)",
				);
				GCC_WARN_64_TO_32_BIT_CONVERSION = YES;
				GCC_WARN_ABOUT_RETURN_TYPE = YES_ERROR;
				GCC_WARN_UNDECLARED_SELECTOR = YES;
				GCC_WARN_UNINITIALIZED_AUTOS = YES_AGGRESSIVE;
				GCC_WARN_UNUSED_FUNCTION = YES;
				GCC_WARN_UNUSED_VARIABLE = YES;
				IPHONEOS_DEPLOYMENT_TARGET = 15.0;
				MTL_ENABLE_DEBUG_INFO = INCLUDE_SOURCE;
				MTL_FAST_MATH = YES;
				ONLY_ACTIVE_ARCH = YES;
				SDKROOT = iphoneos;
				SWIFT_ACTIVE_COMPILATION_CONDITIONS = DEBUG;
				SWIFT_OPTIMIZATION_LEVEL = "-Onone";
			};
			name = Debug;
		};
		3AEB7E4827F6CDDF006BCDFA /* Release */ = {
			isa = XCBuildConfiguration;
			buildSettings = {
				ALWAYS_SEARCH_USER_PATHS = NO;
				CLANG_ANALYZER_NONNULL = YES;
				CLANG_ANALYZER_NUMBER_OBJECT_CONVERSION = YES_AGGRESSIVE;
				CLANG_CXX_LANGUAGE_STANDARD = "gnu++17";
				CLANG_CXX_LIBRARY = "libc++";
				CLANG_ENABLE_MODULES = YES;
				CLANG_ENABLE_OBJC_ARC = YES;
				CLANG_ENABLE_OBJC_WEAK = YES;
				CLANG_WARN_BLOCK_CAPTURE_AUTORELEASING = YES;
				CLANG_WARN_BOOL_CONVERSION = YES;
				CLANG_WARN_COMMA = YES;
				CLANG_WARN_CONSTANT_CONVERSION = YES;
				CLANG_WARN_DEPRECATED_OBJC_IMPLEMENTATIONS = YES;
				CLANG_WARN_DIRECT_OBJC_ISA_USAGE = YES_ERROR;
				CLANG_WARN_DOCUMENTATION_COMMENTS = YES;
				CLANG_WARN_EMPTY_BODY = YES;
				CLANG_WARN_ENUM_CONVERSION = YES;
				CLANG_WARN_INFINITE_RECURSION = YES;
				CLANG_WARN_INT_CONVERSION = YES;
				CLANG_WARN_NON_LITERAL_NULL_CONVERSION = YES;
				CLANG_WARN_OBJC_IMPLICIT_RETAIN_SELF = YES;
				CLANG_WARN_OBJC_LITERAL_CONVERSION = YES;
				CLANG_WARN_OBJC_ROOT_CLASS = YES_ERROR;
				CLANG_WARN_QUOTED_INCLUDE_IN_FRAMEWORK_HEADER = YES;
				CLANG_WARN_RANGE_LOOP_ANALYSIS = YES;
				CLANG_WARN_STRICT_PROTOTYPES = YES;
				CLANG_WARN_SUSPICIOUS_MOVE = YES;
				CLANG_WARN_UNGUARDED_AVAILABILITY = YES_AGGRESSIVE;
				CLANG_WARN_UNREACHABLE_CODE = YES;
				CLANG_WARN__DUPLICATE_METHOD_MATCH = YES;
				COPY_PHASE_STRIP = NO;
				DEBUG_INFORMATION_FORMAT = "dwarf-with-dsym";
				ENABLE_NS_ASSERTIONS = NO;
				ENABLE_STRICT_OBJC_MSGSEND = YES;
				GCC_C_LANGUAGE_STANDARD = gnu11;
				GCC_NO_COMMON_BLOCKS = YES;
				GCC_WARN_64_TO_32_BIT_CONVERSION = YES;
				GCC_WARN_ABOUT_RETURN_TYPE = YES_ERROR;
				GCC_WARN_UNDECLARED_SELECTOR = YES;
				GCC_WARN_UNINITIALIZED_AUTOS = YES_AGGRESSIVE;
				GCC_WARN_UNUSED_FUNCTION = YES;
				GCC_WARN_UNUSED_VARIABLE = YES;
				IPHONEOS_DEPLOYMENT_TARGET = 15.0;
				MTL_ENABLE_DEBUG_INFO = NO;
				MTL_FAST_MATH = YES;
				SDKROOT = iphoneos;
				SWIFT_COMPILATION_MODE = wholemodule;
				SWIFT_OPTIMIZATION_LEVEL = "-O";
				VALIDATE_PRODUCT = YES;
			};
			name = Release;
		};
		3AEB7E4A27F6CDDF006BCDFA /* Debug */ = {
			isa = XCBuildConfiguration;
			buildSettings = {
				ASSETCATALOG_COMPILER_APPICON_NAME = AppIcon;
				ASSETCATALOG_COMPILER_GLOBAL_ACCENT_COLOR_NAME = AccentColor;
				CODE_SIGN_STYLE = Automatic;
				CURRENT_PROJECT_VERSION = 1;
				DEVELOPMENT_ASSET_PATHS = "\"BTCConverter/Preview Content\"";
				DEVELOPMENT_TEAM = MK8LDS6W26;
				ENABLE_PREVIEWS = YES;
				GENERATE_INFOPLIST_FILE = YES;
				INFOPLIST_KEY_UIApplicationSceneManifest_Generation = YES;
				INFOPLIST_KEY_UIApplicationSupportsIndirectInputEvents = YES;
				INFOPLIST_KEY_UILaunchScreen_Generation = YES;
				INFOPLIST_KEY_UISupportedInterfaceOrientations_iPad = "UIInterfaceOrientationPortrait UIInterfaceOrientationPortraitUpsideDown UIInterfaceOrientationLandscapeLeft UIInterfaceOrientationLandscapeRight";
				INFOPLIST_KEY_UISupportedInterfaceOrientations_iPhone = "UIInterfaceOrientationPortrait UIInterfaceOrientationLandscapeLeft UIInterfaceOrientationLandscapeRight";
				LD_RUNPATH_SEARCH_PATHS = (
					"$(inherited)",
					"@executable_path/Frameworks",
				);
				MARKETING_VERSION = 1.0;
				PRODUCT_BUNDLE_IDENTIFIER = com.stanno.BTCConverter;
				PRODUCT_NAME = "$(TARGET_NAME)";
				SWIFT_EMIT_LOC_STRINGS = YES;
				SWIFT_VERSION = 5.0;
				TARGETED_DEVICE_FAMILY = "1,2";
			};
			name = Debug;
		};
		3AEB7E4B27F6CDDF006BCDFA /* Release */ = {
			isa = XCBuildConfiguration;
			buildSettings = {
				ASSETCATALOG_COMPILER_APPICON_NAME = AppIcon;
				ASSETCATALOG_COMPILER_GLOBAL_ACCENT_COLOR_NAME = AccentColor;
				CODE_SIGN_STYLE = Automatic;
				CURRENT_PROJECT_VERSION = 1;
				DEVELOPMENT_ASSET_PATHS = "\"BTCConverter/Preview Content\"";
				DEVELOPMENT_TEAM = MK8LDS6W26;
				ENABLE_PREVIEWS = YES;
				GENERATE_INFOPLIST_FILE = YES;
				INFOPLIST_KEY_UIApplicationSceneManifest_Generation = YES;
				INFOPLIST_KEY_UIApplicationSupportsIndirectInputEvents = YES;
				INFOPLIST_KEY_UILaunchScreen_Generation = YES;
				INFOPLIST_KEY_UISupportedInterfaceOrientations_iPad = "UIInterfaceOrientationPortrait UIInterfaceOrientationPortraitUpsideDown UIInterfaceOrientationLandscapeLeft UIInterfaceOrientationLandscapeRight";
				INFOPLIST_KEY_UISupportedInterfaceOrientations_iPhone = "UIInterfaceOrientationPortrait UIInterfaceOrientationLandscapeLeft UIInterfaceOrientationLandscapeRight";
				LD_RUNPATH_SEARCH_PATHS = (
					"$(inherited)",
					"@executable_path/Frameworks",
				);
				MARKETING_VERSION = 1.0;
				PRODUCT_BUNDLE_IDENTIFIER = com.stanno.BTCConverter;
				PRODUCT_NAME = "$(TARGET_NAME)";
				SWIFT_EMIT_LOC_STRINGS = YES;
				SWIFT_VERSION = 5.0;
				TARGETED_DEVICE_FAMILY = "1,2";
			};
			name = Release;
		};
/* End XCBuildConfiguration section */

/* Begin XCConfigurationList section */
		3AEB7E3127F6CDDD006BCDFA /* Build configuration list for PBXProject "BTCConverter" */ = {
			isa = XCConfigurationList;
			buildConfigurations = (
				3AEB7E4727F6CDDF006BCDFA /* Debug */,
				3AEB7E4827F6CDDF006BCDFA /* Release */,
			);
			defaultConfigurationIsVisible = 0;
			defaultConfigurationName = Release;
		};
		3AEB7E4927F6CDDF006BCDFA /* Build configuration list for PBXNativeTarget "BTCConverter" */ = {
			isa = XCConfigurationList;
			buildConfigurations = (
				3AEB7E4A27F6CDDF006BCDFA /* Debug */,
				3AEB7E4B27F6CDDF006BCDFA /* Release */,
			);
			defaultConfigurationIsVisible = 0;
			defaultConfigurationName = Release;
		};
/* End XCConfigurationList section */

/* Begin XCVersionGroup section */
		3AEB7E4427F6CDDF006BCDFA /* BTCConverter.xcdatamodeld */ = {
			isa = XCVersionGroup;
			children = (
				3AEB7E4527F6CDDF006BCDFA /* BTCConverter.xcdatamodel */,
			);
			currentVersion = 3AEB7E4527F6CDDF006BCDFA /* BTCConverter.xcdatamodel */;
			path = BTCConverter.xcdatamodeld;
			sourceTree = "<group>";
			versionGroupType = wrapper.xcdatamodel;
		};
/* End XCVersionGroup section */
	};
	rootObject = 3AEB7E2E27F6CDDD006BCDFA /* Project object */;
}
